Microsoft Visual Studio Solution File, Format Version 12.00
# Visual Studio Version 17
VisualStudioVersion = 17.5.2.0
MinimumVisualStudioVersion = 10.0.40219.1
Project("{2150E333-8FDC-42A3-9474-1A3956D46DE8}") = "MVC", "MVC", "{CB69B98E-96E7-C360-5784-DBE29CFD4E36}"
EndProject
Project("{FAE04EC0-301F-11D3-BF4B-00C04F79EFBC}") = "MVC", "MVC\MVC\MVC.csproj", "{43ADF871-334C-C61A-FABB-D5979BF8318A}"
EndProject
Global
	GlobalSection(SolutionConfigurationPlatforms) = preSolution
		Debug|Any CPU = Debug|Any CPU
		Release|Any CPU = Release|Any CPU
	EndGlobalSection
	GlobalSection(ProjectConfigurationPlatforms) = postSolution
		{43ADF871-334C-C61A-FABB-D5979BF8318A}.Debug|Any CPU.ActiveCfg = Debug|Any CPU
		{43ADF871-334C-C61A-FABB-D5979BF8318A}.Debug|Any CPU.Build.0 = Debug|Any CPU
		{43ADF871-334C-C61A-FABB-D5979BF8318A}.Release|Any CPU.ActiveCfg = Release|Any CPU
		{43ADF871-334C-C61A-FABB-D5979BF8318A}.Release|Any CPU.Build.0 = Release|Any CPU
	EndGlobalSection
	GlobalSection(SolutionProperties) = preSolution
		HideSolutionNode = FALSE
	EndGlobalSection
	GlobalSection(NestedProjects) = preSolution
		{43ADF871-334C-C61A-FABB-D5979BF8318A} = {CB69B98E-96E7-C360-5784-DBE29CFD4E36}
	EndGlobalSection
	GlobalSection(ExtensibilityGlobals) = postSolution
		SolutionGuid = {48E69418-19C8-4151-8AE0-BB4BCF0847BD}
	EndGlobalSection
EndGlobal
